
Microsoft Visual Studio Solution File, Format Version 12.00
# Visual Studio Version 17
VisualStudioVersion = 17.11.35219.272
MinimumVisualStudioVersion = 10.0.40219.1
Project("{FAE04EC0-301F-11D3-BF4B-00C04F79EFBC}") = "TransNeftEnergo.WebAPI", "TransNeftEnergo\TransNeftEnergo.WebAPI.csproj", "{378AE9F2-36CC-40E2-944B-E0569FFBDE5A}"
EndProject
Project("{FAE04EC0-301F-11D3-BF4B-00C04F79EFBC}") = "TransNeftEnergo.Application", "TransNeftEnergo.Application\TransNeftEnergo.Application.csproj", "{5386339D-EE0B-47BB-8E41-8308CA2CE74D}"
EndProject
Project("{FAE04EC0-301F-11D3-BF4B-00C04F79EFBC}") = "TransNeftEnergo.Core", "TransNeftEnergo.Core\TransNeftEnergo.Core.csproj", "{BAD17608-FB7D-4B1C-A19D-92B49DF45F19}"
EndProject
Project("{FAE04EC0-301F-11D3-BF4B-00C04F79EFBC}") = "TransNeftEnergo.Data", "TransNeftEnergo.Data\TransNeftEnergo.Data.csproj", "{CC904491-646D-4AA1-92AD-080011A20F01}"
EndProject
Project("{FAE04EC0-301F-11D3-BF4B-00C04F79EFBC}") = "TransNeftEnergo.Logic", "TransNeftEnergo.Logic\TransNeftEnergo.Logic.csproj", "{6ADF9364-74DC-4EE0-8652-952D6D5D2BF9}"
EndProject
Global
	GlobalSection(SolutionConfigurationPlatforms) = preSolution
		Debug|Any CPU = Debug|Any CPU
		Release|Any CPU = Release|Any CPU
	EndGlobalSection
	GlobalSection(ProjectConfigurationPlatforms) = postSolution
		{378AE9F2-36CC-40E2-944B-E0569FFBDE5A}.Debug|Any CPU.ActiveCfg = Debug|Any CPU
		{378AE9F2-36CC-40E2-944B-E0569FFBDE5A}.Debug|Any CPU.Build.0 = Debug|Any CPU
		{378AE9F2-36CC-40E2-944B-E0569FFBDE5A}.Release|Any CPU.ActiveCfg = Release|Any CPU
		{378AE9F2-36CC-40E2-944B-E0569FFBDE5A}.Release|Any CPU.Build.0 = Release|Any CPU
		{5386339D-EE0B-47BB-8E41-8308CA2CE74D}.Debug|Any CPU.ActiveCfg = Debug|Any CPU
		{5386339D-EE0B-47BB-8E41-8308CA2CE74D}.Debug|Any CPU.Build.0 = Debug|Any CPU
		{5386339D-EE0B-47BB-8E41-8308CA2CE74D}.Release|Any CPU.ActiveCfg = Release|Any CPU
		{5386339D-EE0B-47BB-8E41-8308CA2CE74D}.Release|Any CPU.Build.0 = Release|Any CPU
		{BAD17608-FB7D-4B1C-A19D-92B49DF45F19}.Debug|Any CPU.ActiveCfg = Debug|Any CPU
		{BAD17608-FB7D-4B1C-A19D-92B49DF45F19}.Debug|Any CPU.Build.0 = Debug|Any CPU
		{BAD17608-FB7D-4B1C-A19D-92B49DF45F19}.Release|Any CPU.ActiveCfg = Release|Any CPU
		{BAD17608-FB7D-4B1C-A19D-92B49DF45F19}.Release|Any CPU.Build.0 = Release|Any CPU
		{CC904491-646D-4AA1-92AD-080011A20F01}.Debug|Any CPU.ActiveCfg = Debug|Any CPU
		{CC904491-646D-4AA1-92AD-080011A20F01}.Debug|Any CPU.Build.0 = Debug|Any CPU
		{CC904491-646D-4AA1-92AD-080011A20F01}.Release|Any CPU.ActiveCfg = Release|Any CPU
		{CC904491-646D-4AA1-92AD-080011A20F01}.Release|Any CPU.Build.0 = Release|Any CPU
		{6ADF9364-74DC-4EE0-8652-952D6D5D2BF9}.Debug|Any CPU.ActiveCfg = Debug|Any CPU
		{6ADF9364-74DC-4EE0-8652-952D6D5D2BF9}.Debug|Any CPU.Build.0 = Debug|Any CPU
		{6ADF9364-74DC-4EE0-8652-952D6D5D2BF9}.Release|Any CPU.ActiveCfg = Release|Any CPU
		{6ADF9364-74DC-4EE0-8652-952D6D5D2BF9}.Release|Any CPU.Build.0 = Release|Any CPU
	EndGlobalSection
	GlobalSection(SolutionProperties) = preSolution
		HideSolutionNode = FALSE
	EndGlobalSection
	GlobalSection(ExtensibilityGlobals) = postSolution
		SolutionGuid = {3BBB94CC-A3D2-4EE2-9958-64EFB7924BE0}
	EndGlobalSection
EndGlobal
